
Microsoft Visual Studio Solution File, Format Version 12.00
# Visual Studio Version 17
VisualStudioVersion = 17.8.34309.116
MinimumVisualStudioVersion = 10.0.40219.1
Project("{FAE04EC0-301F-11D3-BF4B-00C04F79EFBC}") = "cadasfuncionario", "cadasfuncionario\cadasfuncionario.csproj", "{335AF20B-63D7-42E1-9A49-238079B7F39F}"
EndProject
Global
	GlobalSection(SolutionConfigurationPlatforms) = preSolution
		Debug|Any CPU = Debug|Any CPU
		Release|Any CPU = Release|Any CPU
	EndGlobalSection
	GlobalSection(ProjectConfigurationPlatforms) = postSolution
		{335AF20B-63D7-42E1-9A49-238079B7F39F}.Debug|Any CPU.ActiveCfg = Debug|Any CPU
		{335AF20B-63D7-42E1-9A49-238079B7F39F}.Debug|Any CPU.Build.0 = Debug|Any CPU
		{335AF20B-63D7-42E1-9A49-238079B7F39F}.Release|Any CPU.ActiveCfg = Release|Any CPU
		{335AF20B-63D7-42E1-9A49-238079B7F39F}.Release|Any CPU.Build.0 = Release|Any CPU
	EndGlobalSection
	GlobalSection(SolutionProperties) = preSolution
		HideSolutionNode = FALSE
	EndGlobalSection
	GlobalSection(ExtensibilityGlobals) = postSolution
		SolutionGuid = {59543353-71F1-47E6-8390-5934C7C58E9B}
	EndGlobalSection
EndGlobal
